
Microsoft Visual Studio Solution File, Format Version 12.00
# Visual Studio 2013
VisualStudioVersion = 12.0.30723.0
MinimumVisualStudioVersion = 10.0.40219.1
Project("{FAE04EC0-301F-11D3-BF4B-00C04F79EFBC}") = "Day2Lab10p2", "Day2Lab10p2.csproj", "{9312A8F0-6EB4-4F3C-B4D0-236951F77800}"
EndProject
Project("{FAE04EC0-301F-11D3-BF4B-00C04F79EFBC}") = "Day2Labe10p2.Animals", "..\Day2Labe10p2.Animals\Day2Labe10p2.Animals.csproj", "{11A7D6AA-00C2-400C-83DA-6C5A83808AB5}"
EndProject
Global
	GlobalSection(SolutionConfigurationPlatforms) = preSolution
		Debug|Any CPU = Debug|Any CPU
		Release|Any CPU = Release|Any CPU
	EndGlobalSection
	GlobalSection(ProjectConfigurationPlatforms) = postSolution
		{9312A8F0-6EB4-4F3C-B4D0-236951F77800}.Debug|Any CPU.ActiveCfg = Debug|Any CPU
		{9312A8F0-6EB4-4F3C-B4D0-236951F77800}.Debug|Any CPU.Build.0 = Debug|Any CPU
		{9312A8F0-6EB4-4F3C-B4D0-236951F77800}.Release|Any CPU.ActiveCfg = Release|Any CPU
		{9312A8F0-6EB4-4F3C-B4D0-236951F77800}.Release|Any CPU.Build.0 = Release|Any CPU
		{11A7D6AA-00C2-400C-83DA-6C5A83808AB5}.Debug|Any CPU.ActiveCfg = Debug|Any CPU
		{11A7D6AA-00C2-400C-83DA-6C5A83808AB5}.Debug|Any CPU.Build.0 = Debug|Any CPU
		{11A7D6AA-00C2-400C-83DA-6C5A83808AB5}.Release|Any CPU.ActiveCfg = Release|Any CPU
		{11A7D6AA-00C2-400C-83DA-6C5A83808AB5}.Release|Any CPU.Build.0 = Release|Any CPU
	EndGlobalSection
	GlobalSection(SolutionProperties) = preSolution
		HideSolutionNode = FALSE
	EndGlobalSection
EndGlobal
