
Microsoft Visual Studio Solution File, Format Version 12.00
# Visual Studio 2013
VisualStudioVersion = 12.0.30723.0
MinimumVisualStudioVersion = 10.0.40219.1
Project("{FAE04EC0-301F-11D3-BF4B-00C04F79EFBC}") = "Day8MVCTemplates", "Day8MVCTemplates\Day8MVCTemplates.csproj", "{870E7319-B1BE-4214-9DD3-D25B3811F69E}"
EndProject
Global
	GlobalSection(SolutionConfigurationPlatforms) = preSolution
		Debug|Any CPU = Debug|Any CPU
		Release|Any CPU = Release|Any CPU
	EndGlobalSection
	GlobalSection(ProjectConfigurationPlatforms) = postSolution
		{870E7319-B1BE-4214-9DD3-D25B3811F69E}.Debug|Any CPU.ActiveCfg = Debug|Any CPU
		{870E7319-B1BE-4214-9DD3-D25B3811F69E}.Debug|Any CPU.Build.0 = Debug|Any CPU
		{870E7319-B1BE-4214-9DD3-D25B3811F69E}.Release|Any CPU.ActiveCfg = Release|Any CPU
		{870E7319-B1BE-4214-9DD3-D25B3811F69E}.Release|Any CPU.Build.0 = Release|Any CPU
	EndGlobalSection
	GlobalSection(SolutionProperties) = preSolution
		HideSolutionNode = FALSE
	EndGlobalSection
EndGlobal
